
Microsoft Visual Studio Solution File, Format Version 12.00
# Visual Studio 15
VisualStudioVersion = 15.0.28307.168
MinimumVisualStudioVersion = 10.0.40219.1
Project("{FAE04EC0-301F-11D3-BF4B-00C04F79EFBC}") = "Class55 Homework", "Class55 Homework\Class55 Homework.csproj", "{C16479E6-FA25-4073-8719-25B31F0AE6ED}"
EndProject
Project("{FAE04EC0-301F-11D3-BF4B-00C04F79EFBC}") = "Class55 Homework.Data", "Class55 Homework.Data\Class55 Homework.Data.csproj", "{2085EE50-4EA4-4C4D-9E4E-EAC91B730747}"
EndProject
Global
	GlobalSection(SolutionConfigurationPlatforms) = preSolution
		Debug|Any CPU = Debug|Any CPU
		Release|Any CPU = Release|Any CPU
	EndGlobalSection
	GlobalSection(ProjectConfigurationPlatforms) = postSolution
		{C16479E6-FA25-4073-8719-25B31F0AE6ED}.Debug|Any CPU.ActiveCfg = Debug|Any CPU
		{C16479E6-FA25-4073-8719-25B31F0AE6ED}.Debug|Any CPU.Build.0 = Debug|Any CPU
		{C16479E6-FA25-4073-8719-25B31F0AE6ED}.Release|Any CPU.ActiveCfg = Release|Any CPU
		{C16479E6-FA25-4073-8719-25B31F0AE6ED}.Release|Any CPU.Build.0 = Release|Any CPU
		{2085EE50-4EA4-4C4D-9E4E-EAC91B730747}.Debug|Any CPU.ActiveCfg = Debug|Any CPU
		{2085EE50-4EA4-4C4D-9E4E-EAC91B730747}.Debug|Any CPU.Build.0 = Debug|Any CPU
		{2085EE50-4EA4-4C4D-9E4E-EAC91B730747}.Release|Any CPU.ActiveCfg = Release|Any CPU
		{2085EE50-4EA4-4C4D-9E4E-EAC91B730747}.Release|Any CPU.Build.0 = Release|Any CPU
	EndGlobalSection
	GlobalSection(SolutionProperties) = preSolution
		HideSolutionNode = FALSE
	EndGlobalSection
	GlobalSection(ExtensibilityGlobals) = postSolution
		SolutionGuid = {E438AE70-B8F9-4D09-B17F-07B742E3CB09}
	EndGlobalSection
EndGlobal
